
Microsoft Visual Studio Solution File, Format Version 12.00
# Visual Studio Version 17
VisualStudioVersion = 17.8.34511.84
MinimumVisualStudioVersion = 10.0.40219.1
Project("{FAE04EC0-301F-11D3-BF4B-00C04F79EFBC}") = "TestConfig", "TestConfig\TestConfig.csproj", "{698515E6-7E74-4DCF-A79E-AF7E0A279CBE}"
EndProject
Global
	GlobalSection(SolutionConfigurationPlatforms) = preSolution
		Debug|Any CPU = Debug|Any CPU
		Release|Any CPU = Release|Any CPU
	EndGlobalSection
	GlobalSection(ProjectConfigurationPlatforms) = postSolution
		{698515E6-7E74-4DCF-A79E-AF7E0A279CBE}.Debug|Any CPU.ActiveCfg = Debug|Any CPU
		{698515E6-7E74-4DCF-A79E-AF7E0A279CBE}.Debug|Any CPU.Build.0 = Debug|Any CPU
		{698515E6-7E74-4DCF-A79E-AF7E0A279CBE}.Release|Any CPU.ActiveCfg = Release|Any CPU
		{698515E6-7E74-4DCF-A79E-AF7E0A279CBE}.Release|Any CPU.Build.0 = Release|Any CPU
	EndGlobalSection
	GlobalSection(SolutionProperties) = preSolution
		HideSolutionNode = FALSE
	EndGlobalSection
	GlobalSection(ExtensibilityGlobals) = postSolution
		SolutionGuid = {941BF9DD-28C9-4514-A704-2FDD8147A6E9}
	EndGlobalSection
EndGlobal
